
Microsoft Visual Studio Solution File, Format Version 12.00
# Visual Studio Version 16
VisualStudioVersion = 16.0.32413.511
MinimumVisualStudioVersion = 10.0.40219.1
Project("{FAE04EC0-301F-11D3-BF4B-00C04F79EFBC}") = "RestaurantM", "RestaurantM\RestaurantM.csproj", "{8ADDF009-E699-462D-8424-B69D14FFDD7D}"
EndProject
Global
	GlobalSection(SolutionConfigurationPlatforms) = preSolution
		Debug|Any CPU = Debug|Any CPU
		Release|Any CPU = Release|Any CPU
	EndGlobalSection
	GlobalSection(ProjectConfigurationPlatforms) = postSolution
		{8ADDF009-E699-462D-8424-B69D14FFDD7D}.Debug|Any CPU.ActiveCfg = Debug|Any CPU
		{8ADDF009-E699-462D-8424-B69D14FFDD7D}.Debug|Any CPU.Build.0 = Debug|Any CPU
		{8ADDF009-E699-462D-8424-B69D14FFDD7D}.Release|Any CPU.ActiveCfg = Release|Any CPU
		{8ADDF009-E699-462D-8424-B69D14FFDD7D}.Release|Any CPU.Build.0 = Release|Any CPU
	EndGlobalSection
	GlobalSection(SolutionProperties) = preSolution
		HideSolutionNode = FALSE
	EndGlobalSection
	GlobalSection(ExtensibilityGlobals) = postSolution
		SolutionGuid = {DA9E9CB6-C2C0-433A-BC6C-2E46E6EB6525}
	EndGlobalSection
EndGlobal
